
Microsoft Visual Studio Solution File, Format Version 12.00
# Visual Studio Version 17
VisualStudioVersion = 17.2.32516.85
MinimumVisualStudioVersion = 10.0.40219.1
Project("{FAE04EC0-301F-11D3-BF4B-00C04F79EFBC}") = "Biorhythms", "Biorhythms\Biorhythms.csproj", "{2E6E9923-6893-4753-968D-70D365E9262A}"
EndProject
Global
	GlobalSection(SolutionConfigurationPlatforms) = preSolution
		Debug|Any CPU = Debug|Any CPU
		Release|Any CPU = Release|Any CPU
	EndGlobalSection
	GlobalSection(ProjectConfigurationPlatforms) = postSolution
		{2E6E9923-6893-4753-968D-70D365E9262A}.Debug|Any CPU.ActiveCfg = Debug|Any CPU
		{2E6E9923-6893-4753-968D-70D365E9262A}.Debug|Any CPU.Build.0 = Debug|Any CPU
		{2E6E9923-6893-4753-968D-70D365E9262A}.Release|Any CPU.ActiveCfg = Release|Any CPU
		{2E6E9923-6893-4753-968D-70D365E9262A}.Release|Any CPU.Build.0 = Release|Any CPU
	EndGlobalSection
	GlobalSection(SolutionProperties) = preSolution
		HideSolutionNode = FALSE
	EndGlobalSection
	GlobalSection(ExtensibilityGlobals) = postSolution
		SolutionGuid = {AE697839-5544-4BDE-856D-E05620BD9CB2}
	EndGlobalSection
EndGlobal
